// !$*UTF8*$!
{
	archiveVersion = 1;
	classes = {
	};
	objectVersion = 55;
	objects = {

/* Begin PBXBuildFile section */
		800F942B27AADFD400F9108D /* AppDelegate.swift in Sources */ = {isa = PBXBuildFile; fileRef = 800F942A27AADFD400F9108D /* AppDelegate.swift */; };
		800F942D27AADFD400F9108D /* SceneDelegate.swift in Sources */ = {isa = PBXBuildFile; fileRef = 800F942C27AADFD400F9108D /* SceneDelegate.swift */; };
		800F943227AADFD500F9108D /* Main.storyboard in Resources */ = {isa = PBXBuildFile; fileRef = 800F943027AADFD500F9108D /* Main.storyboard */; };
		800F943427AADFD500F9108D /* Assets.xcassets in Resources */ = {isa = PBXBuildFile; fileRef = 800F943327AADFD500F9108D /* Assets.xcassets */; };
		800F943727AADFD500F9108D /* LaunchScreen.storyboard in Resources */ = {isa = PBXBuildFile; fileRef = 800F943527AADFD500F9108D /* LaunchScreen.storyboard */; };
		800F943F27AAFA4500F9108D /* MenuTableViewController.swift in Sources */ = {isa = PBXBuildFile; fileRef = 800F943E27AAFA4500F9108D /* MenuTableViewController.swift */; };
		800F944127AAFA5900F9108D /* CategoryTableViewController.swift in Sources */ = {isa = PBXBuildFile; fileRef = 800F944027AAFA5900F9108D /* CategoryTableViewController.swift */; };
		800F944327AAFA6400F9108D /* OrderTableViewController.swift in Sources */ = {isa = PBXBuildFile; fileRef = 800F944227AAFA6400F9108D /* OrderTableViewController.swift */; };
		800F944527AAFDE500F9108D /* MenuItemDetailViewController.swift in Sources */ = {isa = PBXBuildFile; fileRef = 800F944427AAFDE500F9108D /* MenuItemDetailViewController.swift */; };
		800F944727AAFF8A00F9108D /* MenuItem.swift in Sources */ = {isa = PBXBuildFile; fileRef = 800F944627AAFF8A00F9108D /* MenuItem.swift */; };
		800F944B27AB02EE00F9108D /* ResponseModels.swift in Sources */ = {isa = PBXBuildFile; fileRef = 800F944A27AB02EE00F9108D /* ResponseModels.swift */; };
		800F944E27AB04F400F9108D /* Order.swift in Sources */ = {isa = PBXBuildFile; fileRef = 800F944D27AB04F300F9108D /* Order.swift */; };
/* End PBXBuildFile section */

/* Begin PBXFileReference section */
		800F942727AADFD400F9108D /* OrderApp.app */ = {isa = PBXFileReference; explicitFileType = wrapper.application; includeInIndex = 0; path = OrderApp.app; sourceTree = BUILT_PRODUCTS_DIR; };
		800F942A27AADFD400F9108D /* AppDelegate.swift */ = {isa = PBXFileReference; lastKnownFileType = sourcecode.swift; path = AppDelegate.swift; sourceTree = "<group>"; };
		800F942C27AADFD400F9108D /* SceneDelegate.swift */ = {isa = PBXFileReference; lastKnownFileType = sourcecode.swift; path = SceneDelegate.swift; sourceTree = "<group>"; };
		800F943127AADFD500F9108D /* Base */ = {isa = PBXFileReference; lastKnownFileType = file.storyboard; name = Base; path = Base.lproj/Main.storyboard; sourceTree = "<group>"; };
		800F943327AADFD500F9108D /* Assets.xcassets */ = {isa = PBXFileReference; lastKnownFileType = folder.assetcatalog; path = Assets.xcassets; sourceTree = "<group>"; };
		800F943627AADFD500F9108D /* Base */ = {isa = PBXFileReference; lastKnownFileType = file.storyboard; name = Base; path = Base.lproj/LaunchScreen.storyboard; sourceTree = "<group>"; };
		800F943827AADFD500F9108D /* Info.plist */ = {isa = PBXFileReference; lastKnownFileType = text.plist.xml; path = Info.plist; sourceTree = "<group>"; };
		800F943E27AAFA4500F9108D /* MenuTableViewController.swift */ = {isa = PBXFileReference; lastKnownFileType = sourcecode.swift; path = MenuTableViewController.swift; sourceTree = "<group>"; };
		800F944027AAFA5900F9108D /* CategoryTableViewController.swift */ = {isa = PBXFileReference; lastKnownFileType = sourcecode.swift; path = CategoryTableViewController.swift; sourceTree = "<group>"; };
		800F944227AAFA6400F9108D /* OrderTableViewController.swift */ = {isa = PBXFileReference; lastKnownFileType = sourcecode.swift; path = OrderTableViewController.swift; sourceTree = "<group>"; };
		800F944427AAFDE500F9108D /* MenuItemDetailViewController.swift */ = {isa = PBXFileReference; lastKnownFileType = sourcecode.swift; path = MenuItemDetailViewController.swift; sourceTree = "<group>"; };
		800F944627AAFF8A00F9108D /* MenuItem.swift */ = {isa = PBXFileReference; lastKnownFileType = sourcecode.swift; path = MenuItem.swift; sourceTree = "<group>"; };
		800F944A27AB02EE00F9108D /* ResponseModels.swift */ = {isa = PBXFileReference; lastKnownFileType = sourcecode.swift; path = ResponseModels.swift; sourceTree = "<group>"; };
		800F944D27AB04F300F9108D /* Order.swift */ = {isa = PBXFileReference; lastKnownFileType = sourcecode.swift; path = Order.swift; sourceTree = "<group>"; };
/* End PBXFileReference section */

/* Begin PBXFrameworksBuildPhase section */
		800F942427AADFD400F9108D /* Frameworks */ = {
			isa = PBXFrameworksBuildPhase;
			buildActionMask = 2147483647;
			files = (
			);
			runOnlyForDeploymentPostprocessing = 0;
		};
/* End PBXFrameworksBuildPhase section */

/* Begin PBXGroup section */
		800F941E27AADFD400F9108D = {
			isa = PBXGroup;
			children = (
				800F942927AADFD400F9108D /* OrderApp */,
				800F942827AADFD400F9108D /* Products */,
			);
			sourceTree = "<group>";
		};
		800F942827AADFD400F9108D /* Products */ = {
			isa = PBXGroup;
			children = (
				800F942727AADFD400F9108D /* OrderApp.app */,
			);
			name = Products;
			sourceTree = "<group>";
		};
		800F942927AADFD400F9108D /* OrderApp */ = {
			isa = PBXGroup;
			children = (
				800F944F27AB057B00F9108D /* Models */,
				800F944C27AB034D00F9108D /* ViewControllers */,
				800F942A27AADFD400F9108D /* AppDelegate.swift */,
				800F942C27AADFD400F9108D /* SceneDelegate.swift */,
				800F943027AADFD500F9108D /* Main.storyboard */,
				800F943327AADFD500F9108D /* Assets.xcassets */,
				800F943527AADFD500F9108D /* LaunchScreen.storyboard */,
				800F943827AADFD500F9108D /* Info.plist */,
			);
			path = OrderApp;
			sourceTree = "<group>";
		};
		800F944C27AB034D00F9108D /* ViewControllers */ = {
			isa = PBXGroup;
			children = (
				800F944427AAFDE500F9108D /* MenuItemDetailViewController.swift */,
				800F943E27AAFA4500F9108D /* MenuTableViewController.swift */,
				800F944027AAFA5900F9108D /* CategoryTableViewController.swift */,
				800F944227AAFA6400F9108D /* OrderTableViewController.swift */,
			);
			path = ViewControllers;
			sourceTree = "<group>";
		};
		800F944F27AB057B00F9108D /* Models */ = {
			isa = PBXGroup;
			children = (
				800F944627AAFF8A00F9108D /* MenuItem.swift */,
				800F944A27AB02EE00F9108D /* ResponseModels.swift */,
				800F944D27AB04F300F9108D /* Order.swift */,
			);
			path = Models;
			sourceTree = "<group>";
		};
/* End PBXGroup section */

/* Begin PBXNativeTarget section */
		800F942627AADFD400F9108D /* OrderApp */ = {
			isa = PBXNativeTarget;
			buildConfigurationList = 800F943B27AADFD500F9108D /* Build configuration list for PBXNativeTarget "OrderApp" */;
			buildPhases = (
				800F942327AADFD400F9108D /* Sources */,
				800F942427AADFD400F9108D /* Frameworks */,
				800F942527AADFD400F9108D /* Resources */,
			);
			buildRules = (
			);
			dependencies = (
			);
			name = OrderApp;
			productName = OrderApp;
			productReference = 800F942727AADFD400F9108D /* OrderApp.app */;
			productType = "com.apple.product-type.application";
		};
/* End PBXNativeTarget section */

/* Begin PBXProject section */
		800F941F27AADFD400F9108D /* Project object */ = {
			isa = PBXProject;
			attributes = {
				BuildIndependentTargetsInParallel = 1;
				LastSwiftUpdateCheck = 1320;
				LastUpgradeCheck = 1320;
				TargetAttributes = {
					800F942627AADFD400F9108D = {
						CreatedOnToolsVersion = 13.2.1;
					};
				};
			};
			buildConfigurationList = 800F942227AADFD400F9108D /* Build configuration list for PBXProject "OrderApp" */;
			compatibilityVersion = "Xcode 13.0";
			developmentRegion = en;
			hasScannedForEncodings = 0;
			knownRegions = (
				en,
				Base,
			);
			mainGroup = 800F941E27AADFD400F9108D;
			productRefGroup = 800F942827AADFD400F9108D /* Products */;
			projectDirPath = "";
			projectRoot = "";
			targets = (
				800F942627AADFD400F9108D /* OrderApp */,
			);
		};
/* End PBXProject section */

/* Begin PBXResourcesBuildPhase section */
		800F942527AADFD400F9108D /* Resources */ = {
			isa = PBXResourcesBuildPhase;
			buildActionMask = 2147483647;
			files = (
				800F943727AADFD500F9108D /* LaunchScreen.storyboard in Resources */,
				800F943427AADFD500F9108D /* Assets.xcassets in Resources */,
				800F943227AADFD500F9108D /* Main.storyboard in Resources */,
			);
			runOnlyForDeploymentPostprocessing = 0;
		};
/* End PBXResourcesBuildPhase section */

/* Begin PBXSourcesBuildPhase section */
		800F942327AADFD400F9108D /* Sources */ = {
			isa = PBXSourcesBuildPhase;
			buildActionMask = 2147483647;
			files = (
				800F944727AAFF8A00F9108D /* MenuItem.swift in Sources */,
				800F942B27AADFD400F9108D /* AppDelegate.swift in Sources */,
				800F944B27AB02EE00F9108D /* ResponseModels.swift in Sources */,
				800F944E27AB04F400F9108D /* Order.swift in Sources */,
				800F944527AAFDE500F9108D /* MenuItemDetailViewController.swift in Sources */,
				800F944327AAFA6400F9108D /* OrderTableViewController.swift in Sources */,
				800F942D27AADFD400F9108D /* SceneDelegate.swift in Sources */,
				800F943F27AAFA4500F9108D /* MenuTableViewController.swift in Sources */,
				800F944127AAFA5900F9108D /* CategoryTableViewController.swift in Sources */,
			);
			runOnlyForDeploymentPostprocessing = 0;
		};
/* End PBXSourcesBuildPhase section */

/* Begin PBXVariantGroup section */
		800F943027AADFD500F9108D /* Main.storyboard */ = {
			isa = PBXVariantGroup;
			children = (
				800F943127AADFD500F9108D /* Base */,
			);
			name = Main.storyboard;
			sourceTree = "<group>";
		};
		800F943527AADFD500F9108D /* LaunchScreen.storyboard */ = {
			isa = PBXVariantGroup;
			children = (
				800F943627AADFD500F9108D /* Base */,
			);
			name = LaunchScreen.storyboard;
			sourceTree = "<group>";
		};
/* End PBXVariantGroup section */

/* Begin XCBuildConfiguration section */
		800F943927AADFD500F9108D /* Debug */ = {
			isa = XCBuildConfiguration;
			buildSettings = {
				ALWAYS_SEARCH_USER_PATHS = NO;
				CLANG_ANALYZER_NONNULL = YES;
				CLANG_ANALYZER_NUMBER_OBJECT_CONVERSION = YES_AGGRESSIVE;
				CLANG_CXX_LANGUAGE_STANDARD = "gnu++17";
				CLANG_CXX_LIBRARY = "libc++";
				CLANG_ENABLE_MODULES = YES;
				CLANG_ENABLE_OBJC_ARC = YES;
				CLANG_ENABLE_OBJC_WEAK = YES;
				CLANG_WARN_BLOCK_CAPTURE_AUTORELEASING = YES;
				CLANG_WARN_BOOL_CONVERSION = YES;
				CLANG_WARN_COMMA = YES;
				CLANG_WARN_CONSTANT_CONVERSION = YES;
				CLANG_WARN_DEPRECATED_OBJC_IMPLEMENTATIONS = YES;
				CLANG_WARN_DIRECT_OBJC_ISA_USAGE = YES_ERROR;
				CLANG_WARN_DOCUMENTATION_COMMENTS = YES;
				CLANG_WARN_EMPTY_BODY = YES;
				CLANG_WARN_ENUM_CONVERSION = YES;
				CLANG_WARN_INFINITE_RECURSION = YES;
				CLANG_WARN_INT_CONVERSION = YES;
				CLANG_WARN_NON_LITERAL_NULL_CONVERSION = YES;
				CLANG_WARN_OBJC_IMPLICIT_RETAIN_SELF = YES;
				CLANG_WARN_OBJC_LITERAL_CONVERSION = YES;
				CLANG_WARN_OBJC_ROOT_CLASS = YES_ERROR;
				CLANG_WARN_QUOTED_INCLUDE_IN_FRAMEWORK_HEADER = YES;
				CLANG_WARN_RANGE_LOOP_ANALYSIS = YES;
				CLANG_WARN_STRICT_PROTOTYPES = YES;
				CLANG_WARN_SUSPICIOUS_MOVE = YES;
				CLANG_WARN_UNGUARDED_AVAILABILITY = YES_AGGRESSIVE;
				CLANG_WARN_UNREACHABLE_CODE = YES;
				CLANG_WARN__DUPLICATE_METHOD_MATCH = YES;
				COPY_PHASE_STRIP = NO;
				DEBUG_INFORMATION_FORMAT = dwarf;
				ENABLE_STRICT_OBJC_MSGSEND = YES;
				ENABLE_TESTABILITY = YES;
				GCC_C_LANGUAGE_STANDARD = gnu11;
				GCC_DYNAMIC_NO_PIC = NO;
				GCC_NO_COMMON_BLOCKS = YES;
				GCC_OPTIMIZATION_LEVEL = 0;
				GCC_PREPROCESSOR_DEFINITIONS = (
					"DEBUG=1",
					"$(inherited)",
				);
				GCC_WARN_64_TO_32_BIT_CONVERSION = YES;
				GCC_WARN_ABOUT_RETURN_TYPE = YES_ERROR;
				GCC_WARN_UNDECLARED_SELECTOR = YES;
				GCC_WARN_UNINITIALIZED_AUTOS = YES_AGGRESSIVE;
				GCC_WARN_UNUSED_FUNCTION = YES;
				GCC_WARN_UNUSED_VARIABLE = YES;
				IPHONEOS_DEPLOYMENT_TARGET = 15.2;
				MTL_ENABLE_DEBUG_INFO = INCLUDE_SOURCE;
				MTL_FAST_MATH = YES;
				ONLY_ACTIVE_ARCH = YES;
				SDKROOT = iphoneos;
				SWIFT_ACTIVE_COMPILATION_CONDITIONS = DEBUG;
				SWIFT_OPTIMIZATION_LEVEL = "-Onone";
			};
			name = Debug;
		};
		800F943A27AADFD500F9108D /* Release */ = {
			isa = XCBuildConfiguration;
			buildSettings = {
				ALWAYS_SEARCH_USER_PATHS = NO;
				CLANG_ANALYZER_NONNULL = YES;
				CLANG_ANALYZER_NUMBER_OBJECT_CONVERSION = YES_AGGRESSIVE;
				CLANG_CXX_LANGUAGE_STANDARD = "gnu++17";
				CLANG_CXX_LIBRARY = "libc++";
				CLANG_ENABLE_MODULES = YES;
				CLANG_ENABLE_OBJC_ARC = YES;
				CLANG_ENABLE_OBJC_WEAK = YES;
				CLANG_WARN_BLOCK_CAPTURE_AUTORELEASING = YES;
				CLANG_WARN_BOOL_CONVERSION = YES;
				CLANG_WARN_COMMA = YES;
				CLANG_WARN_CONSTANT_CONVERSION = YES;
				CLANG_WARN_DEPRECATED_OBJC_IMPLEMENTATIONS = YES;
				CLANG_WARN_DIRECT_OBJC_ISA_USAGE = YES_ERROR;
				CLANG_WARN_DOCUMENTATION_COMMENTS = YES;
				CLANG_WARN_EMPTY_BODY = YES;
				CLANG_WARN_ENUM_CONVERSION = YES;
				CLANG_WARN_INFINITE_RECURSION = YES;
				CLANG_WARN_INT_CONVERSION = YES;
				CLANG_WARN_NON_LITERAL_NULL_CONVERSION = YES;
				CLANG_WARN_OBJC_IMPLICIT_RETAIN_SELF = YES;
				CLANG_WARN_OBJC_LITERAL_CONVERSION = YES;
				CLANG_WARN_OBJC_ROOT_CLASS = YES_ERROR;
				CLANG_WARN_QUOTED_INCLUDE_IN_FRAMEWORK_HEADER = YES;
				CLANG_WARN_RANGE_LOOP_ANALYSIS = YES;
				CLANG_WARN_STRICT_PROTOTYPES = YES;
				CLANG_WARN_SUSPICIOUS_MOVE = YES;
				CLANG_WARN_UNGUARDED_AVAILABILITY = YES_AGGRESSIVE;
				CLANG_WARN_UNREACHABLE_CODE = YES;
				CLANG_WARN__DUPLICATE_METHOD_MATCH = YES;
				COPY_PHASE_STRIP = NO;
				DEBUG_INFORMATION_FORMAT = "dwarf-with-dsym";
				ENABLE_NS_ASSERTIONS = NO;
				ENABLE_STRICT_OBJC_MSGSEND = YES;
				GCC_C_LANGUAGE_STANDARD = gnu11;
				GCC_NO_COMMON_BLOCKS = YES;
				GCC_WARN_64_TO_32_BIT_CONVERSION = YES;
				GCC_WARN_ABOUT_RETURN_TYPE = YES_ERROR;
				GCC_WARN_UNDECLARED_SELECTOR = YES;
				GCC_WARN_UNINITIALIZED_AUTOS = YES_AGGRESSIVE;
				GCC_WARN_UNUSED_FUNCTION = YES;
				GCC_WARN_UNUSED_VARIABLE = YES;
				IPHONEOS_DEPLOYMENT_TARGET = 15.2;
				MTL_ENABLE_DEBUG_INFO = NO;
				MTL_FAST_MATH = YES;
				SDKROOT = iphoneos;
				SWIFT_COMPILATION_MODE = wholemodule;
				SWIFT_OPTIMIZATION_LEVEL = "-O";
				VALIDATE_PRODUCT = YES;
			};
			name = Release;
		};
		800F943C27AADFD500F9108D /* Debug */ = {
			isa = XCBuildConfiguration;
			buildSettings = {
				ASSETCATALOG_COMPILER_APPICON_NAME = AppIcon;
				ASSETCATALOG_COMPILER_GLOBAL_ACCENT_COLOR_NAME = AccentColor;
				CODE_SIGN_STYLE = Automatic;
				CURRENT_PROJECT_VERSION = 1;
				DEVELOPMENT_TEAM = AQ23V5MJK2;
				GENERATE_INFOPLIST_FILE = YES;
				INFOPLIST_FILE = OrderApp/Info.plist;
				INFOPLIST_KEY_UIApplicationSupportsIndirectInputEvents = YES;
				INFOPLIST_KEY_UILaunchStoryboardName = LaunchScreen;
				INFOPLIST_KEY_UIMainStoryboardFile = Main;
				INFOPLIST_KEY_UISupportedInterfaceOrientations_iPad = "UIInterfaceOrientationPortrait UIInterfaceOrientationPortraitUpsideDown UIInterfaceOrientationLandscapeLeft UIInterfaceOrientationLandscapeRight";
				INFOPLIST_KEY_UISupportedInterfaceOrientations_iPhone = "UIInterfaceOrientationPortrait UIInterfaceOrientationLandscapeLeft UIInterfaceOrientationLandscapeRight";
				LD_RUNPATH_SEARCH_PATHS = (
					"$(inherited)",
					"@executable_path/Frameworks",
				);
				MARKETING_VERSION = 1.0;
				PRODUCT_BUNDLE_IDENTIFIER = TaronSaribekyan.OrderApp;
				PRODUCT_NAME = "$(TARGET_NAME)";
				SWIFT_EMIT_LOC_STRINGS = YES;
				SWIFT_VERSION = 5.0;
				TARGETED_DEVICE_FAMILY = "1,2";
			};
			name = Debug;
		};
		800F943D27AADFD500F9108D /* Release */ = {
			isa = XCBuildConfiguration;
			buildSettings = {
				ASSETCATALOG_COMPILER_APPICON_NAME = AppIcon;
				ASSETCATALOG_COMPILER_GLOBAL_ACCENT_COLOR_NAME = AccentColor;
				CODE_SIGN_STYLE = Automatic;
				CURRENT_PROJECT_VERSION = 1;
				DEVELOPMENT_TEAM = AQ23V5MJK2;
				GENERATE_INFOPLIST_FILE = YES;
				INFOPLIST_FILE = OrderApp/Info.plist;
				INFOPLIST_KEY_UIApplicationSupportsIndirectInputEvents = YES;
				INFOPLIST_KEY_UILaunchStoryboardName = LaunchScreen;
				INFOPLIST_KEY_UIMainStoryboardFile = Main;
				INFOPLIST_KEY_UISupportedInterfaceOrientations_iPad = "UIInterfaceOrientationPortrait UIInterfaceOrientationPortraitUpsideDown UIInterfaceOrientationLandscapeLeft UIInterfaceOrientationLandscapeRight";
				INFOPLIST_KEY_UISupportedInterfaceOrientations_iPhone = "UIInterfaceOrientationPortrait UIInterfaceOrientationLandscapeLeft UIInterfaceOrientationLandscapeRight";
				LD_RUNPATH_SEARCH_PATHS = (
					"$(inherited)",
					"@executable_path/Frameworks",
				);
				MARKETING_VERSION = 1.0;
				PRODUCT_BUNDLE_IDENTIFIER = TaronSaribekyan.OrderApp;
				PRODUCT_NAME = "$(TARGET_NAME)";
				SWIFT_EMIT_LOC_STRINGS = YES;
				SWIFT_VERSION = 5.0;
				TARGETED_DEVICE_FAMILY = "1,2";
			};
			name = Release;
		};
/* End XCBuildConfiguration section */

/* Begin XCConfigurationList section */
		800F942227AADFD400F9108D /* Build configuration list for PBXProject "OrderApp" */ = {
			isa = XCConfigurationList;
			buildConfigurations = (
				800F943927AADFD500F9108D /* Debug */,
				800F943A27AADFD500F9108D /* Release */,
			);
			defaultConfigurationIsVisible = 0;
			defaultConfigurationName = Release;
		};
		800F943B27AADFD500F9108D /* Build configuration list for PBXNativeTarget "OrderApp" */ = {
			isa = XCConfigurationList;
			buildConfigurations = (
				800F943C27AADFD500F9108D /* Debug */,
				800F943D27AADFD500F9108D /* Release */,
			);
			defaultConfigurationIsVisible = 0;
			defaultConfigurationName = Release;
		};
/* End XCConfigurationList section */
	};
	rootObject = 800F941F27AADFD400F9108D /* Project object */;
}
